
Microsoft Visual Studio Solution File, Format Version 12.00
# Visual Studio Version 16
VisualStudioVersion = 16.0.32802.440
MinimumVisualStudioVersion = 10.0.40219.1
Project("{FAE04EC0-301F-11D3-BF4B-00C04F79EFBC}") = "Agenda.InterfazDeConsola", "Agenda.InterfazDeConsola\Agenda.InterfazDeConsola.csproj", "{817E494E-E0F3-42BB-B773-307FE94F8796}"
EndProject
Project("{FAE04EC0-301F-11D3-BF4B-00C04F79EFBC}") = "Clases", "Clases\Clases.csproj", "{BE0FCA08-819F-4D69-A574-B367E5702EDC}"
EndProject
Global
	GlobalSection(SolutionConfigurationPlatforms) = preSolution
		Debug|Any CPU = Debug|Any CPU
		Release|Any CPU = Release|Any CPU
	EndGlobalSection
	GlobalSection(ProjectConfigurationPlatforms) = postSolution
		{817E494E-E0F3-42BB-B773-307FE94F8796}.Debug|Any CPU.ActiveCfg = Debug|Any CPU
		{817E494E-E0F3-42BB-B773-307FE94F8796}.Debug|Any CPU.Build.0 = Debug|Any CPU
		{817E494E-E0F3-42BB-B773-307FE94F8796}.Release|Any CPU.ActiveCfg = Release|Any CPU
		{817E494E-E0F3-42BB-B773-307FE94F8796}.Release|Any CPU.Build.0 = Release|Any CPU
		{BE0FCA08-819F-4D69-A574-B367E5702EDC}.Debug|Any CPU.ActiveCfg = Debug|Any CPU
		{BE0FCA08-819F-4D69-A574-B367E5702EDC}.Debug|Any CPU.Build.0 = Debug|Any CPU
		{BE0FCA08-819F-4D69-A574-B367E5702EDC}.Release|Any CPU.ActiveCfg = Release|Any CPU
		{BE0FCA08-819F-4D69-A574-B367E5702EDC}.Release|Any CPU.Build.0 = Release|Any CPU
	EndGlobalSection
	GlobalSection(SolutionProperties) = preSolution
		HideSolutionNode = FALSE
	EndGlobalSection
	GlobalSection(ExtensibilityGlobals) = postSolution
		SolutionGuid = {A382D15B-FDF6-47CE-8DE0-2A1CF98F7DEF}
	EndGlobalSection
EndGlobal
